hash: 414eceea4c30381274168e105f0ac2c8ec60dfd7a03fac98797c7985fa5cee3e
updated: 2017-11-30T21:40:22.98367+11:00
imports:
- name: github.com/go-ozzo/ozzo-validation
  version: 85dcd8368eba387e65a03488b003e233994e87e9
- name: github.com/gorilla/mux
  version: 2d5fef06b891c971b14aa6f71ca5ab6c03a36e0e
- name: gopkg.in/mgo.v2
  version: 3f83fa5005286a7fe593b055f0d7771a7dce4655
  subpackages:
  - bson
  - internal/json
  - internal/sasl
  - internal/scram
testImports: []
